
Microsoft Visual Studio Solution File, Format Version 12.00
# Visual Studio Version 17
VisualStudioVersion = 17.5.002.0
MinimumVisualStudioVersion = 10.0.40219.1
Project("{2150E333-8FDC-42A3-9474-1A3956D46DE8}") = "learn-pr", "learn-pr", "{651A323E-1FB2-453F-AFD4-4FF26AA09355}"
EndProject
Project("{2150E333-8FDC-42A3-9474-1A3956D46DE8}") = "azure-devops", "azure-devops", "{14ADAA3E-C27B-4B79-B36C-5A6F41080573}"
EndProject
Project("{2150E333-8FDC-42A3-9474-1A3956D46DE8}") = "manage-build-dependencies", "manage-build-dependencies", "{1A197760-8F26-4257-89BF-C56E2EC8AAA8}"
EndProject
Project("{2150E333-8FDC-42A3-9474-1A3956D46DE8}") = "includes", "includes", "{45992F93-F9BB-4360-88FC-EF6FB7DD020C}"
EndProject
Project("{9A19103F-16F7-4668-BE54-9A1E7A4F7556}") = "6-tailspin.spacegame.web", "learn-pr\azure-devops\manage-build-dependencies\includes\code\6-tailspin.spacegame.web.csproj", "{60097A0E-EC59-4D6E-97DB-64FA61885CBC}"
EndProject
Global
	GlobalSection(SolutionConfigurationPlatforms) = preSolution
		Debug|Any CPU = Debug|Any CPU
		Release|Any CPU = Release|Any CPU
	EndGlobalSection
	GlobalSection(ProjectConfigurationPlatforms) = postSolution
		{60097A0E-EC59-4D6E-97DB-64FA61885CBC}.Debug|Any CPU.ActiveCfg = Debug|Any CPU
		{60097A0E-EC59-4D6E-97DB-64FA61885CBC}.Debug|Any CPU.Build.0 = Debug|Any CPU
		{60097A0E-EC59-4D6E-97DB-64FA61885CBC}.Release|Any CPU.ActiveCfg = Release|Any CPU
		{60097A0E-EC59-4D6E-97DB-64FA61885CBC}.Release|Any CPU.Build.0 = Release|Any CPU
	EndGlobalSection
	GlobalSection(SolutionProperties) = preSolution
		HideSolutionNode = FALSE
	EndGlobalSection
	GlobalSection(NestedProjects) = preSolution
		{14ADAA3E-C27B-4B79-B36C-5A6F41080573} = {651A323E-1FB2-453F-AFD4-4FF26AA09355}
		{1A197760-8F26-4257-89BF-C56E2EC8AAA8} = {14ADAA3E-C27B-4B79-B36C-5A6F41080573}
		{45992F93-F9BB-4360-88FC-EF6FB7DD020C} = {1A197760-8F26-4257-89BF-C56E2EC8AAA8}
		{60097A0E-EC59-4D6E-97DB-64FA61885CBC} = {45992F93-F9BB-4360-88FC-EF6FB7DD020C}
	EndGlobalSection
	GlobalSection(ExtensibilityGlobals) = postSolution
		SolutionGuid = {9C241502-11F2-47F0-B1F2-AE8CAF9DC2C4}
	EndGlobalSection
EndGlobal
