
Microsoft Visual Studio Solution File, Format Version 12.00
# Visual Studio Version 17
VisualStudioVersion = 17.5.002.0
MinimumVisualStudioVersion = 10.0.40219.1
Project("{2150E333-8FDC-42A3-9474-1A3956D46DE8}") = "learn-pr", "learn-pr", "{0BBF9728-AE6E-43E1-A256-3DE08C26ADDB}"
EndProject
Project("{2150E333-8FDC-42A3-9474-1A3956D46DE8}") = "azure-devops", "azure-devops", "{90686D54-C4F1-41AA-A0FB-0E33BDD0976D}"
EndProject
Project("{2150E333-8FDC-42A3-9474-1A3956D46DE8}") = "manage-build-dependencies", "manage-build-dependencies", "{FC18CFBA-EDB5-42D1-8BEA-9022802E506E}"
EndProject
Project("{2150E333-8FDC-42A3-9474-1A3956D46DE8}") = "includes", "includes", "{7E941023-1072-4C6F-A45D-51EBC01405A3}"
EndProject
Project("{9A19103F-16F7-4668-BE54-9A1E7A4F7556}") = "6-tailspin.spacegame.web", "learn-pr\azure-devops\manage-build-dependencies\includes\code\6-tailspin.spacegame.web.csproj", "{6C5316E1-96AA-48CA-908D-FD39AFF5459A}"
EndProject
Global
	GlobalSection(SolutionConfigurationPlatforms) = preSolution
		Debug|Any CPU = Debug|Any CPU
		Release|Any CPU = Release|Any CPU
	EndGlobalSection
	GlobalSection(ProjectConfigurationPlatforms) = postSolution
		{6C5316E1-96AA-48CA-908D-FD39AFF5459A}.Debug|Any CPU.ActiveCfg = Debug|Any CPU
		{6C5316E1-96AA-48CA-908D-FD39AFF5459A}.Debug|Any CPU.Build.0 = Debug|Any CPU
		{6C5316E1-96AA-48CA-908D-FD39AFF5459A}.Release|Any CPU.ActiveCfg = Release|Any CPU
		{6C5316E1-96AA-48CA-908D-FD39AFF5459A}.Release|Any CPU.Build.0 = Release|Any CPU
	EndGlobalSection
	GlobalSection(SolutionProperties) = preSolution
		HideSolutionNode = FALSE
	EndGlobalSection
	GlobalSection(NestedProjects) = preSolution
		{90686D54-C4F1-41AA-A0FB-0E33BDD0976D} = {0BBF9728-AE6E-43E1-A256-3DE08C26ADDB}
		{FC18CFBA-EDB5-42D1-8BEA-9022802E506E} = {90686D54-C4F1-41AA-A0FB-0E33BDD0976D}
		{7E941023-1072-4C6F-A45D-51EBC01405A3} = {FC18CFBA-EDB5-42D1-8BEA-9022802E506E}
		{6C5316E1-96AA-48CA-908D-FD39AFF5459A} = {7E941023-1072-4C6F-A45D-51EBC01405A3}
	EndGlobalSection
	GlobalSection(ExtensibilityGlobals) = postSolution
		SolutionGuid = {432A8853-9753-44FC-A2C1-C903D64C66CB}
	EndGlobalSection
EndGlobal
