
Microsoft Visual Studio Solution File, Format Version 12.00
# Visual Studio 15
VisualStudioVersion = 15.0.27130.2010
MinimumVisualStudioVersion = 10.0.40219.1
Project("{9A19103F-16F7-4668-BE54-9A1E7A4F7556}") = "CensusData", "CensusData\CensusData.csproj", "{337C3820-BBD8-404F-B648-9C7C6309AC60}"
EndProject
Global
	GlobalSection(SolutionConfigurationPlatforms) = preSolution
		Debug|Any CPU = Debug|Any CPU
		Release|Any CPU = Release|Any CPU
	EndGlobalSection
	GlobalSection(ProjectConfigurationPlatforms) = postSolution
		{337C3820-BBD8-404F-B648-9C7C6309AC60}.Debug|Any CPU.ActiveCfg = Debug|Any CPU
		{337C3820-BBD8-404F-B648-9C7C6309AC60}.Debug|Any CPU.Build.0 = Debug|Any CPU
		{337C3820-BBD8-404F-B648-9C7C6309AC60}.Release|Any CPU.ActiveCfg = Release|Any CPU
		{337C3820-BBD8-404F-B648-9C7C6309AC60}.Release|Any CPU.Build.0 = Release|Any CPU
	EndGlobalSection
	GlobalSection(SolutionProperties) = preSolution
		HideSolutionNode = FALSE
	EndGlobalSection
	GlobalSection(ExtensibilityGlobals) = postSolution
		SolutionGuid = {6A674B55-E0BD-44CF-9F80-DD12EE2670ED}
	EndGlobalSection
EndGlobal
