### YamlMime:ModuleUnit
uid: learn.wwl.describe-features-tools-azure-for-governance-compliance.exercise-configure-resource-lock
title: Exercise - Configure a resource lock
metadata:
  title: Exercise - Configure a resource lock
  description: "Exercise - Configure a resource lock"
  ms.date: 08/14/2023
  author: wwlpublish
  ms.author: robbarefoot
  ms.topic: interactive-tutorial
  zone_pivot_groups: azure-interface
durationInMinutes: 15
content: |
  [!include[](includes/5-exercise-configure-resource-lock.md)]
interactive: bash