
Microsoft Visual Studio Solution File, Format Version 12.00
# Visual Studio Version 17
VisualStudioVersion = 17.0.31710.8
MinimumVisualStudioVersion = 10.0.40219.1
Project("{9A19103F-16F7-4668-BE54-9A1E7A4F7556}") = "SignalR.Server", "src\SignalR.Server\SignalR.Server.csproj", "{EF1D3478-F8A0-4C06-9D36-C74ADCED844F}"
EndProject
Project("{2150E333-8FDC-42A3-9474-1A3956D46DE8}") = "Solution Items", "Solution Items", "{4B7BF150-B5DF-4B7C-B336-27BD3C2DABA9}"
	ProjectSection(SolutionItems) = preProject
		.editorconfig = .editorconfig
		.gitignore = .gitignore
	EndProjectSection
EndProject
Project("{9A19103F-16F7-4668-BE54-9A1E7A4F7556}") = "SignalR.Models", "src\SignalR.Models\SignalR.Models.csproj", "{43F8CF43-BA5E-4016-834F-7C959EC2691A}"
EndProject
Global
	GlobalSection(SolutionConfigurationPlatforms) = preSolution
		Debug|Any CPU = Debug|Any CPU
		Release|Any CPU = Release|Any CPU
	EndGlobalSection
	GlobalSection(ProjectConfigurationPlatforms) = postSolution
		{EF1D3478-F8A0-4C06-9D36-C74ADCED844F}.Debug|Any CPU.ActiveCfg = Debug|Any CPU
		{EF1D3478-F8A0-4C06-9D36-C74ADCED844F}.Debug|Any CPU.Build.0 = Debug|Any CPU
		{EF1D3478-F8A0-4C06-9D36-C74ADCED844F}.Release|Any CPU.ActiveCfg = Release|Any CPU
		{EF1D3478-F8A0-4C06-9D36-C74ADCED844F}.Release|Any CPU.Build.0 = Release|Any CPU
		{43F8CF43-BA5E-4016-834F-7C959EC2691A}.Debug|Any CPU.ActiveCfg = Debug|Any CPU
		{43F8CF43-BA5E-4016-834F-7C959EC2691A}.Debug|Any CPU.Build.0 = Debug|Any CPU
		{43F8CF43-BA5E-4016-834F-7C959EC2691A}.Release|Any CPU.ActiveCfg = Release|Any CPU
		{43F8CF43-BA5E-4016-834F-7C959EC2691A}.Release|Any CPU.Build.0 = Release|Any CPU
	EndGlobalSection
	GlobalSection(SolutionProperties) = preSolution
		HideSolutionNode = FALSE
	EndGlobalSection
	GlobalSection(ExtensibilityGlobals) = postSolution
		SolutionGuid = {85D72CE3-40B1-4262-B0E7-0E62C334CFB0}
	EndGlobalSection
EndGlobal
