### YamlMime:ModuleUnit
uid: learn.azure.build-cloud-governance-strategy-azure.6-protect-storage-account-resource-lock
title: Exercise - Protect a storage account from accidental deletion by using a resource lock
metadata:
  title: Exercise - Protect a storage account from accidental deletion by using a resource lock
  description: "Apply a resource lock to prevent accidental deletion of your Azure resources."
  ms.date: 08/13/2021
  author: wwlpublish
  ms.author: rknapp
  ms.topic: interactive-tutorial
  ms.service: azure
azureSandbox: false
durationInMinutes: 8
content: |
  [!include[](includes/4-protect-storage-account-resource-lock.md)]