### YamlMime:ModuleUnit
uid: learn.wwl.understand-concurrency-postgresql.understand-lock
title: Understand locking
metadata:
  title: Understand locking
  description: "Understand locking"
  ms.date: 09/16/2022
  author: wwlpublish
  ms.author: rcaper
  ms.topic: interactive-tutorial
  ms.service: azure
azureSandbox: false
labModal: false
durationInMinutes: 4
content: |
  [!include[](includes/4-understand-lock.md)]