### YamlMime:ModuleUnit
uid: learn.wwl.understand-concurrency-postgresql.exercise-understand-lock
title: 'Exercise: Understand locking'
metadata:
  title: 'Exercise: Understand locking'
  description: "Exercise: Understand locking"
  ms.date: 09/16/2022
  author: wwlpublish
  ms.author: rcaper
  ms.topic: interactive-tutorial
  ms.service: azure
azureSandbox: false
labModal: false
durationInMinutes: 15
content: |
  [!include[](includes/5-exercise-understand-lock.md)]