### YamlMime:ModuleUnit
uid: learn.wwl.understand-concurrency-mysql.understand-lock
title: Understand locking
metadata:
  title: Understand locking
  description: "Understand locking"
  ms.date: 11/09/2022
  author: wwlpublish
  ms.author: caroline
  ms.topic: unit
azureSandbox: false
labModal: false
durationInMinutes: 2
content: |
  [!include[](includes/5-understand-lock.md)]