### YamlMime:ModuleUnit
uid: learn.wwl.understand-concurrency-mysql.exercise-understand-lock
title: 'Exercise: Understand locking'
metadata:
  title: 'Exercise: Understand locking'
  description: "Exercise: Understand locking"
  ms.date: 11/09/2022
  author: wwlpublish
  ms.author: caroline
  ms.topic: unit
azureSandbox: false
labModal: false
durationInMinutes: 20
content: |
  [!include[](includes/6-exercise-understand-lock.md)]