
Microsoft Visual Studio Solution File, Format Version 12.00
# Visual Studio 15
Project("{FAE04EC0-301F-11D3-BF4B-00C04F79EFBC}") = "StorageAnalytics", "StorageAnalytics.csproj", "{7D8A18F0-EF2F-4BF2-981B-EBD1495DB0BD}"
EndProject
Global
	GlobalSection(SolutionConfigurationPlatforms) = preSolution
		Debug|Any CPU = Debug|Any CPU
		Release|Any CPU = Release|Any CPU
	EndGlobalSection
	GlobalSection(ProjectConfigurationPlatforms) = postSolution
		{7D8A18F0-EF2F-4BF2-981B-EBD1495DB0BD}.Debug|Any CPU.ActiveCfg = Debug|Any CPU
		{7D8A18F0-EF2F-4BF2-981B-EBD1495DB0BD}.Debug|Any CPU.Build.0 = Debug|Any CPU
		{7D8A18F0-EF2F-4BF2-981B-EBD1495DB0BD}.Release|Any CPU.ActiveCfg = Release|Any CPU
		{7D8A18F0-EF2F-4BF2-981B-EBD1495DB0BD}.Release|Any CPU.Build.0 = Release|Any CPU
	EndGlobalSection
EndGlobal
