
Microsoft Visual Studio Solution File, Format Version 12.00
# Visual Studio 15
VisualStudioVersion = 15.0.28307.645
MinimumVisualStudioVersion = 10.0.40219.1
Project("{FAE04EC0-301F-11D3-BF4B-00C04F79EFBC}") = "secretapp", "secretapp\secretapp.csproj", "{6394FE22-06BC-4579-8327-5693D757BCF2}"
EndProject
Global
	GlobalSection(SolutionConfigurationPlatforms) = preSolution
		Debug|Any CPU = Debug|Any CPU
		Release|Any CPU = Release|Any CPU
	EndGlobalSection
	GlobalSection(ProjectConfigurationPlatforms) = postSolution
		{6394FE22-06BC-4579-8327-5693D757BCF2}.Debug|Any CPU.ActiveCfg = Debug|Any CPU
		{6394FE22-06BC-4579-8327-5693D757BCF2}.Debug|Any CPU.Build.0 = Debug|Any CPU
		{6394FE22-06BC-4579-8327-5693D757BCF2}.Release|Any CPU.ActiveCfg = Release|Any CPU
		{6394FE22-06BC-4579-8327-5693D757BCF2}.Release|Any CPU.Build.0 = Release|Any CPU
	EndGlobalSection
	GlobalSection(SolutionProperties) = preSolution
		HideSolutionNode = FALSE
	EndGlobalSection
	GlobalSection(ExtensibilityGlobals) = postSolution
		SolutionGuid = {6BE5EAFE-3FC7-4834-9BE0-0CF24D5A9105}
	EndGlobalSection
EndGlobal
