### YamlMime:ModuleUnit
uid: learn.languages.csharp-code-blocks.exercise-remove-code-block
title: Exercise - Remove code blocks in if statements
metadata:
  title: Exercise - Remove code blocks in if statements
  description: Learn when you can avoid using code blocks in your if statements.
  ms.date: 09/26/2019
  author: billwagner
  ms.author: wiwagn
  ms.topic: interactive-tutorial
  ms.prod: learning-azure
durationInMinutes: 4
azureSandbox: false
interactive: csharp
content: |
  [!include[](includes/4-exercise-remove-code-block.md)]
