
Microsoft Visual Studio Solution File, Format Version 12.00
# Visual Studio Version 17
VisualStudioVersion = 17.5.002.0
MinimumVisualStudioVersion = 10.0.40219.1
Project("{2150E333-8FDC-42A3-9474-1A3956D46DE8}") = "build-your-first-aspnet-core-web-app", "build-your-first-aspnet-core-web-app", "{922AF9FB-0D3E-4F73-9EAA-DD88B96BFE0E}"
EndProject
Project("{2150E333-8FDC-42A3-9474-1A3956D46DE8}") = "code", "code", "{E6A8930D-335F-440F-8D6D-73852CB4F0B0}"
EndProject
Project("{9A19103F-16F7-4668-BE54-9A1E7A4F7556}") = "MyWebApp", "build-your-first-aspnet-core-web-app\code\MyWebApp\MyWebApp.csproj", "{3C802D43-D2DF-4EDB-8D5C-33104A3BADE1}"
EndProject
Global
	GlobalSection(SolutionConfigurationPlatforms) = preSolution
		Debug|Any CPU = Debug|Any CPU
		Release|Any CPU = Release|Any CPU
	EndGlobalSection
	GlobalSection(ProjectConfigurationPlatforms) = postSolution
		{3C802D43-D2DF-4EDB-8D5C-33104A3BADE1}.Debug|Any CPU.ActiveCfg = Debug|Any CPU
		{3C802D43-D2DF-4EDB-8D5C-33104A3BADE1}.Debug|Any CPU.Build.0 = Debug|Any CPU
		{3C802D43-D2DF-4EDB-8D5C-33104A3BADE1}.Release|Any CPU.ActiveCfg = Release|Any CPU
		{3C802D43-D2DF-4EDB-8D5C-33104A3BADE1}.Release|Any CPU.Build.0 = Release|Any CPU
	EndGlobalSection
	GlobalSection(SolutionProperties) = preSolution
		HideSolutionNode = FALSE
	EndGlobalSection
	GlobalSection(NestedProjects) = preSolution
		{E6A8930D-335F-440F-8D6D-73852CB4F0B0} = {922AF9FB-0D3E-4F73-9EAA-DD88B96BFE0E}
		{3C802D43-D2DF-4EDB-8D5C-33104A3BADE1} = {E6A8930D-335F-440F-8D6D-73852CB4F0B0}
	EndGlobalSection
	GlobalSection(ExtensibilityGlobals) = postSolution
		SolutionGuid = {A0555166-0EC5-47A9-AAD9-694E6F0CCBC2}
	EndGlobalSection
EndGlobal
