
Microsoft Visual Studio Solution File, Format Version 12.00
# Visual Studio Version 17
VisualStudioVersion = 17.5.002.0
MinimumVisualStudioVersion = 10.0.40219.1
Project("{2150E333-8FDC-42A3-9474-1A3956D46DE8}") = "code", "code", "{92B31AEF-781B-4AB5-B183-E4C62A7A1976}"
EndProject
Project("{9A19103F-16F7-4668-BE54-9A1E7A4F7556}") = "MyWebApp", "code\MyWebApp\MyWebApp.csproj", "{FD243899-70F2-4B98-B94B-EDAEAA876309}"
EndProject
Global
	GlobalSection(SolutionConfigurationPlatforms) = preSolution
		Debug|Any CPU = Debug|Any CPU
		Release|Any CPU = Release|Any CPU
	EndGlobalSection
	GlobalSection(ProjectConfigurationPlatforms) = postSolution
		{FD243899-70F2-4B98-B94B-EDAEAA876309}.Debug|Any CPU.ActiveCfg = Debug|Any CPU
		{FD243899-70F2-4B98-B94B-EDAEAA876309}.Debug|Any CPU.Build.0 = Debug|Any CPU
		{FD243899-70F2-4B98-B94B-EDAEAA876309}.Release|Any CPU.ActiveCfg = Release|Any CPU
		{FD243899-70F2-4B98-B94B-EDAEAA876309}.Release|Any CPU.Build.0 = Release|Any CPU
	EndGlobalSection
	GlobalSection(SolutionProperties) = preSolution
		HideSolutionNode = FALSE
	EndGlobalSection
	GlobalSection(NestedProjects) = preSolution
		{FD243899-70F2-4B98-B94B-EDAEAA876309} = {92B31AEF-781B-4AB5-B183-E4C62A7A1976}
	EndGlobalSection
	GlobalSection(ExtensibilityGlobals) = postSolution
		SolutionGuid = {558A0451-255D-45E6-82AD-6E0FBDE1F54C}
	EndGlobalSection
EndGlobal
