
Microsoft Visual Studio Solution File, Format Version 12.00
# Visual Studio Version 17
VisualStudioVersion = 17.9.34321.82
MinimumVisualStudioVersion = 10.0.40219.1
Project("{FAE04EC0-301F-11D3-BF4B-00C04F79EFBC}") = "WeatherClient", "WeatherClient.csproj", "{4829D4F4-EB52-4A0D-8321-0757110586F0}"
EndProject
Global
	GlobalSection(SolutionConfigurationPlatforms) = preSolution
		Debug|Any CPU = Debug|Any CPU
		Release|Any CPU = Release|Any CPU
	EndGlobalSection
	GlobalSection(ProjectConfigurationPlatforms) = postSolution
		{4829D4F4-EB52-4A0D-8321-0757110586F0}.Debug|Any CPU.ActiveCfg = Debug|Any CPU
		{4829D4F4-EB52-4A0D-8321-0757110586F0}.Debug|Any CPU.Build.0 = Debug|Any CPU
		{4829D4F4-EB52-4A0D-8321-0757110586F0}.Debug|Any CPU.Deploy.0 = Debug|Any CPU
		{4829D4F4-EB52-4A0D-8321-0757110586F0}.Release|Any CPU.ActiveCfg = Release|Any CPU
		{4829D4F4-EB52-4A0D-8321-0757110586F0}.Release|Any CPU.Build.0 = Release|Any CPU
		{4829D4F4-EB52-4A0D-8321-0757110586F0}.Release|Any CPU.Deploy.0 = Release|Any CPU
	EndGlobalSection
	GlobalSection(SolutionProperties) = preSolution
		HideSolutionNode = FALSE
	EndGlobalSection
	GlobalSection(ExtensibilityGlobals) = postSolution
		SolutionGuid = {A1D9103E-D447-4CF3-BB7A-D3B2FFFFF46A}
	EndGlobalSection
EndGlobal
